// !$*UTF8*$!
{
	archiveVersion = 1;
	classes = {
	};
	objectVersion = 56;
	objects = {

/* Begin PBXBuildFile section */
		754F2ADC29B8289800AB1313 /* SearchUsersViewModel.swift in Sources */ = {isa = PBXBuildFile; fileRef = 754F2ADB29B8289800AB1313 /* SearchUsersViewModel.swift */; };
		754F2ADF29B828F300AB1313 /* APIManager.swift in Sources */ = {isa = PBXBuildFile; fileRef = 754F2ADE29B828F300AB1313 /* APIManager.swift */; };
		754F2AE129B82DFD00AB1313 /* UsersSearch.swift in Sources */ = {isa = PBXBuildFile; fileRef = 754F2AE029B82DFD00AB1313 /* UsersSearch.swift */; };
		754F2AE329B8308C00AB1313 /* UserItemCellViewModel.swift in Sources */ = {isa = PBXBuildFile; fileRef = 754F2AE229B8308C00AB1313 /* UserItemCellViewModel.swift */; };
		754F2AE929B8361D00AB1313 /* UserItemViewCell.swift in Sources */ = {isa = PBXBuildFile; fileRef = 754F2AE829B8361D00AB1313 /* UserItemViewCell.swift */; };
		75A1CD5129B9107F00EB5D4D /* RegisterUserController.swift in Sources */ = {isa = PBXBuildFile; fileRef = 75A1CD5029B9107F00EB5D4D /* RegisterUserController.swift */; };
		75A1CD5429B9118B00EB5D4D /* RegisterUserViewModel.swift in Sources */ = {isa = PBXBuildFile; fileRef = 75A1CD5329B9118B00EB5D4D /* RegisterUserViewModel.swift */; };
		75A1CD5729B9847C00EB5D4D /* Extension+UIImage.swift in Sources */ = {isa = PBXBuildFile; fileRef = 75A1CD5629B9847C00EB5D4D /* Extension+UIImage.swift */; };
		75A1CD5C29B9864800EB5D4D /* UpdateUserController.swift in Sources */ = {isa = PBXBuildFile; fileRef = 75A1CD5B29B9864800EB5D4D /* UpdateUserController.swift */; };
		75A1CD5F29B987FB00EB5D4D /* UpdateUserViewModel.swift in Sources */ = {isa = PBXBuildFile; fileRef = 75A1CD5E29B987FB00EB5D4D /* UpdateUserViewModel.swift */; };
		75A1CD6129B9916D00EB5D4D /* Extension+String.swift in Sources */ = {isa = PBXBuildFile; fileRef = 75A1CD6029B9916D00EB5D4D /* Extension+String.swift */; };
		75A1CD6329B9920000EB5D4D /* Extension+ViewController.swift in Sources */ = {isa = PBXBuildFile; fileRef = 75A1CD6229B9920000EB5D4D /* Extension+ViewController.swift */; };
		75A2474929B817D900EFBD63 /* AppDelegate.swift in Sources */ = {isa = PBXBuildFile; fileRef = 75A2474829B817D900EFBD63 /* AppDelegate.swift */; };
		75A2474B29B817D900EFBD63 /* SceneDelegate.swift in Sources */ = {isa = PBXBuildFile; fileRef = 75A2474A29B817D900EFBD63 /* SceneDelegate.swift */; };
		75A2474D29B817D900EFBD63 /* SearchUsersViewController.swift in Sources */ = {isa = PBXBuildFile; fileRef = 75A2474C29B817D900EFBD63 /* SearchUsersViewController.swift */; };
		75A2475029B817D900EFBD63 /* Main.storyboard in Resources */ = {isa = PBXBuildFile; fileRef = 75A2474E29B817D900EFBD63 /* Main.storyboard */; };
		75A2475229B817DA00EFBD63 /* Assets.xcassets in Resources */ = {isa = PBXBuildFile; fileRef = 75A2475129B817DA00EFBD63 /* Assets.xcassets */; };
		75A2475529B817DA00EFBD63 /* LaunchScreen.storyboard in Resources */ = {isa = PBXBuildFile; fileRef = 75A2475329B817DA00EFBD63 /* LaunchScreen.storyboard */; };
		75A2476029B817DB00EFBD63 /* PruebaDicioTests.swift in Sources */ = {isa = PBXBuildFile; fileRef = 75A2475F29B817DB00EFBD63 /* PruebaDicioTests.swift */; };
		75A2476A29B817DB00EFBD63 /* PruebaDicioUITests.swift in Sources */ = {isa = PBXBuildFile; fileRef = 75A2476929B817DB00EFBD63 /* PruebaDicioUITests.swift */; };
		75A2476C29B817DB00EFBD63 /* PruebaDicioUITestsLaunchTests.swift in Sources */ = {isa = PBXBuildFile; fileRef = 75A2476B29B817DB00EFBD63 /* PruebaDicioUITestsLaunchTests.swift */; };
/* End PBXBuildFile section */

/* Begin PBXContainerItemProxy section */
		75A2475C29B817DB00EFBD63 /* PBXContainerItemProxy */ = {
			isa = PBXContainerItemProxy;
			containerPortal = 75A2473D29B817D900EFBD63 /* Project object */;
			proxyType = 1;
			remoteGlobalIDString = 75A2474429B817D900EFBD63;
			remoteInfo = PruebaDicio;
		};
		75A2476629B817DB00EFBD63 /* PBXContainerItemProxy */ = {
			isa = PBXContainerItemProxy;
			containerPortal = 75A2473D29B817D900EFBD63 /* Project object */;
			proxyType = 1;
			remoteGlobalIDString = 75A2474429B817D900EFBD63;
			remoteInfo = PruebaDicio;
		};
/* End PBXContainerItemProxy section */

/* Begin PBXFileReference section */
		754F2ADB29B8289800AB1313 /* SearchUsersViewModel.swift */ = {isa = PBXFileReference; lastKnownFileType = sourcecode.swift; path = SearchUsersViewModel.swift; sourceTree = "<group>"; };
		754F2ADE29B828F300AB1313 /* APIManager.swift */ = {isa = PBXFileReference; lastKnownFileType = sourcecode.swift; path = APIManager.swift; sourceTree = "<group>"; };
		754F2AE029B82DFD00AB1313 /* UsersSearch.swift */ = {isa = PBXFileReference; lastKnownFileType = sourcecode.swift; path = UsersSearch.swift; sourceTree = "<group>"; };
		754F2AE229B8308C00AB1313 /* UserItemCellViewModel.swift */ = {isa = PBXFileReference; lastKnownFileType = sourcecode.swift; path = UserItemCellViewModel.swift; sourceTree = "<group>"; };
		754F2AE829B8361D00AB1313 /* UserItemViewCell.swift */ = {isa = PBXFileReference; lastKnownFileType = sourcecode.swift; path = UserItemViewCell.swift; sourceTree = "<group>"; };
		75A1CD5029B9107F00EB5D4D /* RegisterUserController.swift */ = {isa = PBXFileReference; lastKnownFileType = sourcecode.swift; path = RegisterUserController.swift; sourceTree = "<group>"; };
		75A1CD5329B9118B00EB5D4D /* RegisterUserViewModel.swift */ = {isa = PBXFileReference; lastKnownFileType = sourcecode.swift; path = RegisterUserViewModel.swift; sourceTree = "<group>"; };
		75A1CD5629B9847C00EB5D4D /* Extension+UIImage.swift */ = {isa = PBXFileReference; lastKnownFileType = sourcecode.swift; path = "Extension+UIImage.swift"; sourceTree = "<group>"; };
		75A1CD5B29B9864800EB5D4D /* UpdateUserController.swift */ = {isa = PBXFileReference; lastKnownFileType = sourcecode.swift; path = UpdateUserController.swift; sourceTree = "<group>"; };
		75A1CD5E29B987FB00EB5D4D /* UpdateUserViewModel.swift */ = {isa = PBXFileReference; lastKnownFileType = sourcecode.swift; path = UpdateUserViewModel.swift; sourceTree = "<group>"; };
		75A1CD6029B9916D00EB5D4D /* Extension+String.swift */ = {isa = PBXFileReference; lastKnownFileType = sourcecode.swift; path = "Extension+String.swift"; sourceTree = "<group>"; };
		75A1CD6229B9920000EB5D4D /* Extension+ViewController.swift */ = {isa = PBXFileReference; lastKnownFileType = sourcecode.swift; path = "Extension+ViewController.swift"; sourceTree = "<group>"; };
		75A2474529B817D900EFBD63 /* PruebaDicio.app */ = {isa = PBXFileReference; explicitFileType = wrapper.application; includeInIndex = 0; path = PruebaDicio.app; sourceTree = BUILT_PRODUCTS_DIR; };
		75A2474829B817D900EFBD63 /* AppDelegate.swift */ = {isa = PBXFileReference; lastKnownFileType = sourcecode.swift; path = AppDelegate.swift; sourceTree = "<group>"; };
		75A2474A29B817D900EFBD63 /* SceneDelegate.swift */ = {isa = PBXFileReference; lastKnownFileType = sourcecode.swift; path = SceneDelegate.swift; sourceTree = "<group>"; };
		75A2474C29B817D900EFBD63 /* SearchUsersViewController.swift */ = {isa = PBXFileReference; lastKnownFileType = sourcecode.swift; path = SearchUsersViewController.swift; sourceTree = "<group>"; };
		75A2474F29B817D900EFBD63 /* Base */ = {isa = PBXFileReference; lastKnownFileType = file.storyboard; name = Base; path = Base.lproj/Main.storyboard; sourceTree = "<group>"; };
		75A2475129B817DA00EFBD63 /* Assets.xcassets */ = {isa = PBXFileReference; lastKnownFileType = folder.assetcatalog; path = Assets.xcassets; sourceTree = "<group>"; };
		75A2475429B817DA00EFBD63 /* Base */ = {isa = PBXFileReference; lastKnownFileType = file.storyboard; name = Base; path = Base.lproj/LaunchScreen.storyboard; sourceTree = "<group>"; };
		75A2475629B817DA00EFBD63 /* Info.plist */ = {isa = PBXFileReference; lastKnownFileType = text.plist.xml; path = Info.plist; sourceTree = "<group>"; };
		75A2475B29B817DB00EFBD63 /* PruebaDicioTests.xctest */ = {isa = PBXFileReference; explicitFileType = wrapper.cfbundle; includeInIndex = 0; path = PruebaDicioTests.xctest; sourceTree = BUILT_PRODUCTS_DIR; };
		75A2475F29B817DB00EFBD63 /* PruebaDicioTests.swift */ = {isa = PBXFileReference; lastKnownFileType = sourcecode.swift; path = PruebaDicioTests.swift; sourceTree = "<group>"; };
		75A2476529B817DB00EFBD63 /* PruebaDicioUITests.xctest */ = {isa = PBXFileReference; explicitFileType = wrapper.cfbundle; includeInIndex = 0; path = PruebaDicioUITests.xctest; sourceTree = BUILT_PRODUCTS_DIR; };
		75A2476929B817DB00EFBD63 /* PruebaDicioUITests.swift */ = {isa = PBXFileReference; lastKnownFileType = sourcecode.swift; path = PruebaDicioUITests.swift; sourceTree = "<group>"; };
		75A2476B29B817DB00EFBD63 /* PruebaDicioUITestsLaunchTests.swift */ = {isa = PBXFileReference; lastKnownFileType = sourcecode.swift; path = PruebaDicioUITestsLaunchTests.swift; sourceTree = "<group>"; };
/* End PBXFileReference section */

/* Begin PBXFrameworksBuildPhase section */
		75A2474229B817D900EFBD63 /* Frameworks */ = {
			isa = PBXFrameworksBuildPhase;
			buildActionMask = 2147483647;
			files = (
			);
			runOnlyForDeploymentPostprocessing = 0;
		};
		75A2475829B817DB00EFBD63 /* Frameworks */ = {
			isa = PBXFrameworksBuildPhase;
			buildActionMask = 2147483647;
			files = (
			);
			runOnlyForDeploymentPostprocessing = 0;
		};
		75A2476229B817DB00EFBD63 /* Frameworks */ = {
			isa = PBXFrameworksBuildPhase;
			buildActionMask = 2147483647;
			files = (
			);
			runOnlyForDeploymentPostprocessing = 0;
		};
/* End PBXFrameworksBuildPhase section */

/* Begin PBXGroup section */
		754F2AD629B8272300AB1313 /* ScreensModules */ = {
			isa = PBXGroup;
			children = (
				75A1CD5829B9852F00EB5D4D /* UpdateUser */,
				75A1CD4D29B9102D00EB5D4D /* RegisterUser */,
				754F2AD729B827EC00AB1313 /* SearchUsers */,
			);
			path = ScreensModules;
			sourceTree = "<group>";
		};
		754F2AD729B827EC00AB1313 /* SearchUsers */ = {
			isa = PBXGroup;
			children = (
				754F2ADA29B8285D00AB1313 /* Models */,
				754F2AD929B8284F00AB1313 /* View */,
				754F2AD829B8284000AB1313 /* ViewModel */,
			);
			path = SearchUsers;
			sourceTree = "<group>";
		};
		754F2AD829B8284000AB1313 /* ViewModel */ = {
			isa = PBXGroup;
			children = (
				754F2ADB29B8289800AB1313 /* SearchUsersViewModel.swift */,
				754F2AE229B8308C00AB1313 /* UserItemCellViewModel.swift */,
			);
			path = ViewModel;
			sourceTree = "<group>";
		};
		754F2AD929B8284F00AB1313 /* View */ = {
			isa = PBXGroup;
			children = (
				754F2AE529B8346400AB1313 /* Cells */,
				754F2AE429B8345900AB1313 /* Controller */,
			);
			path = View;
			sourceTree = "<group>";
		};
		754F2ADA29B8285D00AB1313 /* Models */ = {
			isa = PBXGroup;
			children = (
				754F2AE029B82DFD00AB1313 /* UsersSearch.swift */,
			);
			path = Models;
			sourceTree = "<group>";
		};
		754F2ADD29B828CD00AB1313 /* ApiClient */ = {
			isa = PBXGroup;
			children = (
				754F2ADE29B828F300AB1313 /* APIManager.swift */,
			);
			path = ApiClient;
			sourceTree = "<group>";
		};
		754F2AE429B8345900AB1313 /* Controller */ = {
			isa = PBXGroup;
			children = (
				75A2474C29B817D900EFBD63 /* SearchUsersViewController.swift */,
			);
			path = Controller;
			sourceTree = "<group>";
		};
		754F2AE529B8346400AB1313 /* Cells */ = {
			isa = PBXGroup;
			children = (
				754F2AE829B8361D00AB1313 /* UserItemViewCell.swift */,
			);
			path = Cells;
			sourceTree = "<group>";
		};
		75A1CD4D29B9102D00EB5D4D /* RegisterUser */ = {
			isa = PBXGroup;
			children = (
				75A1CD5229B9116C00EB5D4D /* ViewModel */,
				75A1CD4E29B9105300EB5D4D /* View */,
			);
			path = RegisterUser;
			sourceTree = "<group>";
		};
		75A1CD4E29B9105300EB5D4D /* View */ = {
			isa = PBXGroup;
			children = (
				75A1CD4F29B9106800EB5D4D /* Controller */,
			);
			path = View;
			sourceTree = "<group>";
		};
		75A1CD4F29B9106800EB5D4D /* Controller */ = {
			isa = PBXGroup;
			children = (
				75A1CD5029B9107F00EB5D4D /* RegisterUserController.swift */,
			);
			path = Controller;
			sourceTree = "<group>";
		};
		75A1CD5229B9116C00EB5D4D /* ViewModel */ = {
			isa = PBXGroup;
			children = (
				75A1CD5329B9118B00EB5D4D /* RegisterUserViewModel.swift */,
			);
			path = ViewModel;
			sourceTree = "<group>";
		};
		75A1CD5529B9846800EB5D4D /* Extension */ = {
			isa = PBXGroup;
			children = (
				75A1CD5629B9847C00EB5D4D /* Extension+UIImage.swift */,
				75A1CD6029B9916D00EB5D4D /* Extension+String.swift */,
				75A1CD6229B9920000EB5D4D /* Extension+ViewController.swift */,
			);
			path = Extension;
			sourceTree = "<group>";
		};
		75A1CD5829B9852F00EB5D4D /* UpdateUser */ = {
			isa = PBXGroup;
			children = (
				75A1CD5D29B987EA00EB5D4D /* ViewModel */,
				75A1CD5929B9862100EB5D4D /* View */,
			);
			path = UpdateUser;
			sourceTree = "<group>";
		};
		75A1CD5929B9862100EB5D4D /* View */ = {
			isa = PBXGroup;
			children = (
				75A1CD5A29B9862700EB5D4D /* Controller */,
			);
			path = View;
			sourceTree = "<group>";
		};
		75A1CD5A29B9862700EB5D4D /* Controller */ = {
			isa = PBXGroup;
			children = (
				75A1CD5B29B9864800EB5D4D /* UpdateUserController.swift */,
			);
			path = Controller;
			sourceTree = "<group>";
		};
		75A1CD5D29B987EA00EB5D4D /* ViewModel */ = {
			isa = PBXGroup;
			children = (
				75A1CD5E29B987FB00EB5D4D /* UpdateUserViewModel.swift */,
			);
			path = ViewModel;
			sourceTree = "<group>";
		};
		75A2473C29B817D900EFBD63 = {
			isa = PBXGroup;
			children = (
				75A2474729B817D900EFBD63 /* PruebaDicio */,
				75A2475E29B817DB00EFBD63 /* PruebaDicioTests */,
				75A2476829B817DB00EFBD63 /* PruebaDicioUITests */,
				75A2474629B817D900EFBD63 /* Products */,
			);
			sourceTree = "<group>";
		};
		75A2474629B817D900EFBD63 /* Products */ = {
			isa = PBXGroup;
			children = (
				75A2474529B817D900EFBD63 /* PruebaDicio.app */,
				75A2475B29B817DB00EFBD63 /* PruebaDicioTests.xctest */,
				75A2476529B817DB00EFBD63 /* PruebaDicioUITests.xctest */,
			);
			name = Products;
			sourceTree = "<group>";
		};
		75A2474729B817D900EFBD63 /* PruebaDicio */ = {
			isa = PBXGroup;
			children = (
				75A1CD5529B9846800EB5D4D /* Extension */,
				754F2ADD29B828CD00AB1313 /* ApiClient */,
				754F2AD629B8272300AB1313 /* ScreensModules */,
				75A2474829B817D900EFBD63 /* AppDelegate.swift */,
				75A2474A29B817D900EFBD63 /* SceneDelegate.swift */,
				75A2474E29B817D900EFBD63 /* Main.storyboard */,
				75A2475129B817DA00EFBD63 /* Assets.xcassets */,
				75A2475329B817DA00EFBD63 /* LaunchScreen.storyboard */,
				75A2475629B817DA00EFBD63 /* Info.plist */,
			);
			path = PruebaDicio;
			sourceTree = "<group>";
		};
		75A2475E29B817DB00EFBD63 /* PruebaDicioTests */ = {
			isa = PBXGroup;
			children = (
				75A2475F29B817DB00EFBD63 /* PruebaDicioTests.swift */,
			);
			path = PruebaDicioTests;
			sourceTree = "<group>";
		};
		75A2476829B817DB00EFBD63 /* PruebaDicioUITests */ = {
			isa = PBXGroup;
			children = (
				75A2476929B817DB00EFBD63 /* PruebaDicioUITests.swift */,
				75A2476B29B817DB00EFBD63 /* PruebaDicioUITestsLaunchTests.swift */,
			);
			path = PruebaDicioUITests;
			sourceTree = "<group>";
		};
/* End PBXGroup section */

/* Begin PBXNativeTarget section */
		75A2474429B817D900EFBD63 /* PruebaDicio */ = {
			isa = PBXNativeTarget;
			buildConfigurationList = 75A2476F29B817DB00EFBD63 /* Build configuration list for PBXNativeTarget "PruebaDicio" */;
			buildPhases = (
				75A2474129B817D900EFBD63 /* Sources */,
				75A2474229B817D900EFBD63 /* Frameworks */,
				75A2474329B817D900EFBD63 /* Resources */,
			);
			buildRules = (
			);
			dependencies = (
			);
			name = PruebaDicio;
			productName = PruebaDicio;
			productReference = 75A2474529B817D900EFBD63 /* PruebaDicio.app */;
			productType = "com.apple.product-type.application";
		};
		75A2475A29B817DB00EFBD63 /* PruebaDicioTests */ = {
			isa = PBXNativeTarget;
			buildConfigurationList = 75A2477229B817DB00EFBD63 /* Build configuration list for PBXNativeTarget "PruebaDicioTests" */;
			buildPhases = (
				75A2475729B817DB00EFBD63 /* Sources */,
				75A2475829B817DB00EFBD63 /* Frameworks */,
				75A2475929B817DB00EFBD63 /* Resources */,
			);
			buildRules = (
			);
			dependencies = (
				75A2475D29B817DB00EFBD63 /* PBXTargetDependency */,
			);
			name = PruebaDicioTests;
			productName = PruebaDicioTests;
			productReference = 75A2475B29B817DB00EFBD63 /* PruebaDicioTests.xctest */;
			productType = "com.apple.product-type.bundle.unit-test";
		};
		75A2476429B817DB00EFBD63 /* PruebaDicioUITests */ = {
			isa = PBXNativeTarget;
			buildConfigurationList = 75A2477529B817DB00EFBD63 /* Build configuration list for PBXNativeTarget "PruebaDicioUITests" */;
			buildPhases = (
				75A2476129B817DB00EFBD63 /* Sources */,
				75A2476229B817DB00EFBD63 /* Frameworks */,
				75A2476329B817DB00EFBD63 /* Resources */,
			);
			buildRules = (
			);
			dependencies = (
				75A2476729B817DB00EFBD63 /* PBXTargetDependency */,
			);
			name = PruebaDicioUITests;
			productName = PruebaDicioUITests;
			productReference = 75A2476529B817DB00EFBD63 /* PruebaDicioUITests.xctest */;
			productType = "com.apple.product-type.bundle.ui-testing";
		};
/* End PBXNativeTarget section */

/* Begin PBXProject section */
		75A2473D29B817D900EFBD63 /* Project object */ = {
			isa = PBXProject;
			attributes = {
				BuildIndependentTargetsInParallel = 1;
				LastSwiftUpdateCheck = 1420;
				LastUpgradeCheck = 1420;
				TargetAttributes = {
					75A2474429B817D900EFBD63 = {
						CreatedOnToolsVersion = 14.2;
					};
					75A2475A29B817DB00EFBD63 = {
						CreatedOnToolsVersion = 14.2;
						TestTargetID = 75A2474429B817D900EFBD63;
					};
					75A2476429B817DB00EFBD63 = {
						CreatedOnToolsVersion = 14.2;
						TestTargetID = 75A2474429B817D900EFBD63;
					};
				};
			};
			buildConfigurationList = 75A2474029B817D900EFBD63 /* Build configuration list for PBXProject "PruebaDicio" */;
			compatibilityVersion = "Xcode 14.0";
			developmentRegion = en;
			hasScannedForEncodings = 0;
			knownRegions = (
				en,
				Base,
			);
			mainGroup = 75A2473C29B817D900EFBD63;
			productRefGroup = 75A2474629B817D900EFBD63 /* Products */;
			projectDirPath = "";
			projectRoot = "";
			targets = (
				75A2474429B817D900EFBD63 /* PruebaDicio */,
				75A2475A29B817DB00EFBD63 /* PruebaDicioTests */,
				75A2476429B817DB00EFBD63 /* PruebaDicioUITests */,
			);
		};
/* End PBXProject section */

/* Begin PBXResourcesBuildPhase section */
		75A2474329B817D900EFBD63 /* Resources */ = {
			isa = PBXResourcesBuildPhase;
			buildActionMask = 2147483647;
			files = (
				75A2475529B817DA00EFBD63 /* LaunchScreen.storyboard in Resources */,
				75A2475229B817DA00EFBD63 /* Assets.xcassets in Resources */,
				75A2475029B817D900EFBD63 /* Main.storyboard in Resources */,
			);
			runOnlyForDeploymentPostprocessing = 0;
		};
		75A2475929B817DB00EFBD63 /* Resources */ = {
			isa = PBXResourcesBuildPhase;
			buildActionMask = 2147483647;
			files = (
			);
			runOnlyForDeploymentPostprocessing = 0;
		};
		75A2476329B817DB00EFBD63 /* Resources */ = {
			isa = PBXResourcesBuildPhase;
			buildActionMask = 2147483647;
			files = (
			);
			runOnlyForDeploymentPostprocessing = 0;
		};
/* End PBXResourcesBuildPhase section */

/* Begin PBXSourcesBuildPhase section */
		75A2474129B817D900EFBD63 /* Sources */ = {
			isa = PBXSourcesBuildPhase;
			buildActionMask = 2147483647;
			files = (
				75A1CD5429B9118B00EB5D4D /* RegisterUserViewModel.swift in Sources */,
				75A1CD5729B9847C00EB5D4D /* Extension+UIImage.swift in Sources */,
				75A1CD5129B9107F00EB5D4D /* RegisterUserController.swift in Sources */,
				754F2AE129B82DFD00AB1313 /* UsersSearch.swift in Sources */,
				75A2474D29B817D900EFBD63 /* SearchUsersViewController.swift in Sources */,
				754F2AE929B8361D00AB1313 /* UserItemViewCell.swift in Sources */,
				75A1CD5F29B987FB00EB5D4D /* UpdateUserViewModel.swift in Sources */,
				75A1CD6329B9920000EB5D4D /* Extension+ViewController.swift in Sources */,
				754F2ADC29B8289800AB1313 /* SearchUsersViewModel.swift in Sources */,
				75A1CD6129B9916D00EB5D4D /* Extension+String.swift in Sources */,
				754F2ADF29B828F300AB1313 /* APIManager.swift in Sources */,
				75A2474929B817D900EFBD63 /* AppDelegate.swift in Sources */,
				754F2AE329B8308C00AB1313 /* UserItemCellViewModel.swift in Sources */,
				75A2474B29B817D900EFBD63 /* SceneDelegate.swift in Sources */,
				75A1CD5C29B9864800EB5D4D /* UpdateUserController.swift in Sources */,
			);
			runOnlyForDeploymentPostprocessing = 0;
		};
		75A2475729B817DB00EFBD63 /* Sources */ = {
			isa = PBXSourcesBuildPhase;
			buildActionMask = 2147483647;
			files = (
				75A2476029B817DB00EFBD63 /* PruebaDicioTests.swift in Sources */,
			);
			runOnlyForDeploymentPostprocessing = 0;
		};
		75A2476129B817DB00EFBD63 /* Sources */ = {
			isa = PBXSourcesBuildPhase;
			buildActionMask = 2147483647;
			files = (
				75A2476C29B817DB00EFBD63 /* PruebaDicioUITestsLaunchTests.swift in Sources */,
				75A2476A29B817DB00EFBD63 /* PruebaDicioUITests.swift in Sources */,
			);
			runOnlyForDeploymentPostprocessing = 0;
		};
/* End PBXSourcesBuildPhase section */

/* Begin PBXTargetDependency section */
		75A2475D29B817DB00EFBD63 /* PBXTargetDependency */ = {
			isa = PBXTargetDependency;
			target = 75A2474429B817D900EFBD63 /* PruebaDicio */;
			targetProxy = 75A2475C29B817DB00EFBD63 /* PBXContainerItemProxy */;
		};
		75A2476729B817DB00EFBD63 /* PBXTargetDependency */ = {
			isa = PBXTargetDependency;
			target = 75A2474429B817D900EFBD63 /* PruebaDicio */;
			targetProxy = 75A2476629B817DB00EFBD63 /* PBXContainerItemProxy */;
		};
/* End PBXTargetDependency section */

/* Begin PBXVariantGroup section */
		75A2474E29B817D900EFBD63 /* Main.storyboard */ = {
			isa = PBXVariantGroup;
			children = (
				75A2474F29B817D900EFBD63 /* Base */,
			);
			name = Main.storyboard;
			sourceTree = "<group>";
		};
		75A2475329B817DA00EFBD63 /* LaunchScreen.storyboard */ = {
			isa = PBXVariantGroup;
			children = (
				75A2475429B817DA00EFBD63 /* Base */,
			);
			name = LaunchScreen.storyboard;
			sourceTree = "<group>";
		};
/* End PBXVariantGroup section */

/* Begin XCBuildConfiguration section */
		75A2476D29B817DB00EFBD63 /* Debug */ = {
			isa = XCBuildConfiguration;
			buildSettings = {
				ALWAYS_SEARCH_USER_PATHS = NO;
				CLANG_ANALYZER_NONNULL = YES;
				CLANG_ANALYZER_NUMBER_OBJECT_CONVERSION = YES_AGGRESSIVE;
				CLANG_CXX_LANGUAGE_STANDARD = "gnu++20";
				CLANG_ENABLE_MODULES = YES;
				CLANG_ENABLE_OBJC_ARC = YES;
				CLANG_ENABLE_OBJC_WEAK = YES;
				CLANG_WARN_BLOCK_CAPTURE_AUTORELEASING = YES;
				CLANG_WARN_BOOL_CONVERSION = YES;
				CLANG_WARN_COMMA = YES;
				CLANG_WARN_CONSTANT_CONVERSION = YES;
				CLANG_WARN_DEPRECATED_OBJC_IMPLEMENTATIONS = YES;
				CLANG_WARN_DIRECT_OBJC_ISA_USAGE = YES_ERROR;
				CLANG_WARN_DOCUMENTATION_COMMENTS = YES;
				CLANG_WARN_EMPTY_BODY = YES;
				CLANG_WARN_ENUM_CONVERSION = YES;
				CLANG_WARN_INFINITE_RECURSION = YES;
				CLANG_WARN_INT_CONVERSION = YES;
				CLANG_WARN_NON_LITERAL_NULL_CONVERSION = YES;
				CLANG_WARN_OBJC_IMPLICIT_RETAIN_SELF = YES;
				CLANG_WARN_OBJC_LITERAL_CONVERSION = YES;
				CLANG_WARN_OBJC_ROOT_CLASS = YES_ERROR;
				CLANG_WARN_QUOTED_INCLUDE_IN_FRAMEWORK_HEADER = YES;
				CLANG_WARN_RANGE_LOOP_ANALYSIS = YES;
				CLANG_WARN_STRICT_PROTOTYPES = YES;
				CLANG_WARN_SUSPICIOUS_MOVE = YES;
				CLANG_WARN_UNGUARDED_AVAILABILITY = YES_AGGRESSIVE;
				CLANG_WARN_UNREACHABLE_CODE = YES;
				CLANG_WARN__DUPLICATE_METHOD_MATCH = YES;
				COPY_PHASE_STRIP = NO;
				DEBUG_INFORMATION_FORMAT = dwarf;
				ENABLE_STRICT_OBJC_MSGSEND = YES;
				ENABLE_TESTABILITY = YES;
				GCC_C_LANGUAGE_STANDARD = gnu11;
				GCC_DYNAMIC_NO_PIC = NO;
				GCC_NO_COMMON_BLOCKS = YES;
				GCC_OPTIMIZATION_LEVEL = 0;
				GCC_PREPROCESSOR_DEFINITIONS = (
					"DEBUG=1",
					"$(inherited)",
				);
				GCC_WARN_64_TO_32_BIT_CONVERSION = YES;
				GCC_WARN_ABOUT_RETURN_TYPE = YES_ERROR;
				GCC_WARN_UNDECLARED_SELECTOR = YES;
				GCC_WARN_UNINITIALIZED_AUTOS = YES_AGGRESSIVE;
				GCC_WARN_UNUSED_FUNCTION = YES;
				GCC_WARN_UNUSED_VARIABLE = YES;
				IPHONEOS_DEPLOYMENT_TARGET = 16.2;
				MTL_ENABLE_DEBUG_INFO = INCLUDE_SOURCE;
				MTL_FAST_MATH = YES;
				ONLY_ACTIVE_ARCH = YES;
				SDKROOT = iphoneos;
				SWIFT_ACTIVE_COMPILATION_CONDITIONS = DEBUG;
				SWIFT_OPTIMIZATION_LEVEL = "-Onone";
			};
			name = Debug;
		};
		75A2476E29B817DB00EFBD63 /* Release */ = {
			isa = XCBuildConfiguration;
			buildSettings = {
				ALWAYS_SEARCH_USER_PATHS = NO;
				CLANG_ANALYZER_NONNULL = YES;
				CLANG_ANALYZER_NUMBER_OBJECT_CONVERSION = YES_AGGRESSIVE;
				CLANG_CXX_LANGUAGE_STANDARD = "gnu++20";
				CLANG_ENABLE_MODULES = YES;
				CLANG_ENABLE_OBJC_ARC = YES;
				CLANG_ENABLE_OBJC_WEAK = YES;
				CLANG_WARN_BLOCK_CAPTURE_AUTORELEASING = YES;
				CLANG_WARN_BOOL_CONVERSION = YES;
				CLANG_WARN_COMMA = YES;
				CLANG_WARN_CONSTANT_CONVERSION = YES;
				CLANG_WARN_DEPRECATED_OBJC_IMPLEMENTATIONS = YES;
				CLANG_WARN_DIRECT_OBJC_ISA_USAGE = YES_ERROR;
				CLANG_WARN_DOCUMENTATION_COMMENTS = YES;
				CLANG_WARN_EMPTY_BODY = YES;
				CLANG_WARN_ENUM_CONVERSION = YES;
				CLANG_WARN_INFINITE_RECURSION = YES;
				CLANG_WARN_INT_CONVERSION = YES;
				CLANG_WARN_NON_LITERAL_NULL_CONVERSION = YES;
				CLANG_WARN_OBJC_IMPLICIT_RETAIN_SELF = YES;
				CLANG_WARN_OBJC_LITERAL_CONVERSION = YES;
				CLANG_WARN_OBJC_ROOT_CLASS = YES_ERROR;
				CLANG_WARN_QUOTED_INCLUDE_IN_FRAMEWORK_HEADER = YES;
				CLANG_WARN_RANGE_LOOP_ANALYSIS = YES;
				CLANG_WARN_STRICT_PROTOTYPES = YES;
				CLANG_WARN_SUSPICIOUS_MOVE = YES;
				CLANG_WARN_UNGUARDED_AVAILABILITY = YES_AGGRESSIVE;
				CLANG_WARN_UNREACHABLE_CODE = YES;
				CLANG_WARN__DUPLICATE_METHOD_MATCH = YES;
				COPY_PHASE_STRIP = NO;
				DEBUG_INFORMATION_FORMAT = "dwarf-with-dsym";
				ENABLE_NS_ASSERTIONS = NO;
				ENABLE_STRICT_OBJC_MSGSEND = YES;
				GCC_C_LANGUAGE_STANDARD = gnu11;
				GCC_NO_COMMON_BLOCKS = YES;
				GCC_WARN_64_TO_32_BIT_CONVERSION = YES;
				GCC_WARN_ABOUT_RETURN_TYPE = YES_ERROR;
				GCC_WARN_UNDECLARED_SELECTOR = YES;
				GCC_WARN_UNINITIALIZED_AUTOS = YES_AGGRESSIVE;
				GCC_WARN_UNUSED_FUNCTION = YES;
				GCC_WARN_UNUSED_VARIABLE = YES;
				IPHONEOS_DEPLOYMENT_TARGET = 16.2;
				MTL_ENABLE_DEBUG_INFO = NO;
				MTL_FAST_MATH = YES;
				SDKROOT = iphoneos;
				SWIFT_COMPILATION_MODE = wholemodule;
				SWIFT_OPTIMIZATION_LEVEL = "-O";
				VALIDATE_PRODUCT = YES;
			};
			name = Release;
		};
		75A2477029B817DB00EFBD63 /* Debug */ = {
			isa = XCBuildConfiguration;
			buildSettings = {
				ASSETCATALOG_COMPILER_APPICON_NAME = AppIcon;
				ASSETCATALOG_COMPILER_GLOBAL_ACCENT_COLOR_NAME = AccentColor;
				CODE_SIGN_STYLE = Automatic;
				CURRENT_PROJECT_VERSION = 1;
				DEVELOPMENT_TEAM = G27EC2M8NE;
				GENERATE_INFOPLIST_FILE = YES;
				INFOPLIST_FILE = PruebaDicio/Info.plist;
				INFOPLIST_KEY_UIApplicationSupportsIndirectInputEvents = YES;
				INFOPLIST_KEY_UILaunchStoryboardName = LaunchScreen;
				INFOPLIST_KEY_UIMainStoryboardFile = Main;
				INFOPLIST_KEY_UISupportedInterfaceOrientations = UIInterfaceOrientationPortrait;
				LD_RUNPATH_SEARCH_PATHS = (
					"$(inherited)",
					"@executable_path/Frameworks",
				);
				MARKETING_VERSION = 1.0;
				PRODUCT_BUNDLE_IDENTIFIER = com.danielacosta.PruebaDicio;
				PRODUCT_NAME = "$(TARGET_NAME)";
				SWIFT_EMIT_LOC_STRINGS = YES;
				SWIFT_VERSION = 5.0;
				TARGETED_DEVICE_FAMILY = "1,2";
			};
			name = Debug;
		};
		75A2477129B817DB00EFBD63 /* Release */ = {
			isa = XCBuildConfiguration;
			buildSettings = {
				ASSETCATALOG_COMPILER_APPICON_NAME = AppIcon;
				ASSETCATALOG_COMPILER_GLOBAL_ACCENT_COLOR_NAME = AccentColor;
				CODE_SIGN_STYLE = Automatic;
				CURRENT_PROJECT_VERSION = 1;
				DEVELOPMENT_TEAM = G27EC2M8NE;
				GENERATE_INFOPLIST_FILE = YES;
				INFOPLIST_FILE = PruebaDicio/Info.plist;
				INFOPLIST_KEY_UIApplicationSupportsIndirectInputEvents = YES;
				INFOPLIST_KEY_UILaunchStoryboardName = LaunchScreen;
				INFOPLIST_KEY_UIMainStoryboardFile = Main;
				INFOPLIST_KEY_UISupportedInterfaceOrientations = UIInterfaceOrientationPortrait;
				LD_RUNPATH_SEARCH_PATHS = (
					"$(inherited)",
					"@executable_path/Frameworks",
				);
				MARKETING_VERSION = 1.0;
				PRODUCT_BUNDLE_IDENTIFIER = com.danielacosta.PruebaDicio;
				PRODUCT_NAME = "$(TARGET_NAME)";
				SWIFT_EMIT_LOC_STRINGS = YES;
				SWIFT_VERSION = 5.0;
				TARGETED_DEVICE_FAMILY = "1,2";
			};
			name = Release;
		};
		75A2477329B817DB00EFBD63 /* Debug */ = {
			isa = XCBuildConfiguration;
			buildSettings = {
				ALWAYS_EMBED_SWIFT_STANDARD_LIBRARIES = YES;
				BUNDLE_LOADER = "$(TEST_HOST)";
				CODE_SIGN_STYLE = Automatic;
				CURRENT_PROJECT_VERSION = 1;
				DEVELOPMENT_TEAM = G27EC2M8NE;
				GENERATE_INFOPLIST_FILE = YES;
				IPHONEOS_DEPLOYMENT_TARGET = 16.2;
				MARKETING_VERSION = 1.0;
				PRODUCT_BUNDLE_IDENTIFIER = com.danielacosta.PruebaDicioTests;
				PRODUCT_NAME = "$(TARGET_NAME)";
				SWIFT_EMIT_LOC_STRINGS = NO;
				SWIFT_VERSION = 5.0;
				TARGETED_DEVICE_FAMILY = "1,2";
				TEST_HOST = "$(BUILT_PRODUCTS_DIR)/PruebaDicio.app/$(BUNDLE_EXECUTABLE_FOLDER_PATH)/PruebaDicio";
			};
			name = Debug;
		};
		75A2477429B817DB00EFBD63 /* Release */ = {
			isa = XCBuildConfiguration;
			buildSettings = {
				ALWAYS_EMBED_SWIFT_STANDARD_LIBRARIES = YES;
				BUNDLE_LOADER = "$(TEST_HOST)";
				CODE_SIGN_STYLE = Automatic;
				CURRENT_PROJECT_VERSION = 1;
				DEVELOPMENT_TEAM = G27EC2M8NE;
				GENERATE_INFOPLIST_FILE = YES;
				IPHONEOS_DEPLOYMENT_TARGET = 16.2;
				MARKETING_VERSION = 1.0;
				PRODUCT_BUNDLE_IDENTIFIER = com.danielacosta.PruebaDicioTests;
				PRODUCT_NAME = "$(TARGET_NAME)";
				SWIFT_EMIT_LOC_STRINGS = NO;
				SWIFT_VERSION = 5.0;
				TARGETED_DEVICE_FAMILY = "1,2";
				TEST_HOST = "$(BUILT_PRODUCTS_DIR)/PruebaDicio.app/$(BUNDLE_EXECUTABLE_FOLDER_PATH)/PruebaDicio";
			};
			name = Release;
		};
		75A2477629B817DB00EFBD63 /* Debug */ = {
			isa = XCBuildConfiguration;
			buildSettings = {
				ALWAYS_EMBED_SWIFT_STANDARD_LIBRARIES = YES;
				CODE_SIGN_STYLE = Automatic;
				CURRENT_PROJECT_VERSION = 1;
				DEVELOPMENT_TEAM = G27EC2M8NE;
				GENERATE_INFOPLIST_FILE = YES;
				MARKETING_VERSION = 1.0;
				PRODUCT_BUNDLE_IDENTIFIER = com.danielacosta.PruebaDicioUITests;
				PRODUCT_NAME = "$(TARGET_NAME)";
				SWIFT_EMIT_LOC_STRINGS = NO;
				SWIFT_VERSION = 5.0;
				TARGETED_DEVICE_FAMILY = "1,2";
				TEST_TARGET_NAME = PruebaDicio;
			};
			name = Debug;
		};
		75A2477729B817DB00EFBD63 /* Release */ = {
			isa = XCBuildConfiguration;
			buildSettings = {
				ALWAYS_EMBED_SWIFT_STANDARD_LIBRARIES = YES;
				CODE_SIGN_STYLE = Automatic;
				CURRENT_PROJECT_VERSION = 1;
				DEVELOPMENT_TEAM = G27EC2M8NE;
				GENERATE_INFOPLIST_FILE = YES;
				MARKETING_VERSION = 1.0;
				PRODUCT_BUNDLE_IDENTIFIER = com.danielacosta.PruebaDicioUITests;
				PRODUCT_NAME = "$(TARGET_NAME)";
				SWIFT_EMIT_LOC_STRINGS = NO;
				SWIFT_VERSION = 5.0;
				TARGETED_DEVICE_FAMILY = "1,2";
				TEST_TARGET_NAME = PruebaDicio;
			};
			name = Release;
		};
/* End XCBuildConfiguration section */

/* Begin XCConfigurationList section */
		75A2474029B817D900EFBD63 /* Build configuration list for PBXProject "PruebaDicio" */ = {
			isa = XCConfigurationList;
			buildConfigurations = (
				75A2476D29B817DB00EFBD63 /* Debug */,
				75A2476E29B817DB00EFBD63 /* Release */,
			);
			defaultConfigurationIsVisible = 0;
			defaultConfigurationName = Release;
		};
		75A2476F29B817DB00EFBD63 /* Build configuration list for PBXNativeTarget "PruebaDicio" */ = {
			isa = XCConfigurationList;
			buildConfigurations = (
				75A2477029B817DB00EFBD63 /* Debug */,
				75A2477129B817DB00EFBD63 /* Release */,
			);
			defaultConfigurationIsVisible = 0;
			defaultConfigurationName = Release;
		};
		75A2477229B817DB00EFBD63 /* Build configuration list for PBXNativeTarget "PruebaDicioTests" */ = {
			isa = XCConfigurationList;
			buildConfigurations = (
				75A2477329B817DB00EFBD63 /* Debug */,
				75A2477429B817DB00EFBD63 /* Release */,
			);
			defaultConfigurationIsVisible = 0;
			defaultConfigurationName = Release;
		};
		75A2477529B817DB00EFBD63 /* Build configuration list for PBXNativeTarget "PruebaDicioUITests" */ = {
			isa = XCConfigurationList;
			buildConfigurations = (
				75A2477629B817DB00EFBD63 /* Debug */,
				75A2477729B817DB00EFBD63 /* Release */,
			);
			defaultConfigurationIsVisible = 0;
			defaultConfigurationName = Release;
		};
/* End XCConfigurationList section */
	};
	rootObject = 75A2473D29B817D900EFBD63 /* Project object */;
}
